// !$*UTF8*$!
{
	archiveVersion = 1;
	classes = {
	};
	objectVersion = 50;
	objects = {

/* Begin PBXBuildFile section */
		7B4F6473216D1F420087E7C4 /* AppDelegate.swift in Sources */ = {isa = PBXBuildFile; fileRef = 7B4F6472216D1F420087E7C4 /* AppDelegate.swift */; };
		7B4F6475216D1F420087E7C4 /* ViewController.swift in Sources */ = {isa = PBXBuildFile; fileRef = 7B4F6474216D1F420087E7C4 /* ViewController.swift */; };
		7B4F6478216D1F420087E7C4 /* Main.storyboard in Resources */ = {isa = PBXBuildFile; fileRef = 7B4F6476216D1F420087E7C4 /* Main.storyboard */; };
		7B4F647A216D1F440087E7C4 /* Assets.xcassets in Resources */ = {isa = PBXBuildFile; fileRef = 7B4F6479216D1F440087E7C4 /* Assets.xcassets */; };
		7B4F647D216D1F440087E7C4 /* LaunchScreen.storyboard in Resources */ = {isa = PBXBuildFile; fileRef = 7B4F647B216D1F440087E7C4 /* LaunchScreen.storyboard */; };
		7B4F6485216D1F810087E7C4 /* UIColor-Utility.swift in Sources */ = {isa = PBXBuildFile; fileRef = 7B4F6484216D1F810087E7C4 /* UIColor-Utility.swift */; };
		7B4F6487216D1F9E0087E7C4 /* UIView-Utility.swift in Sources */ = {isa = PBXBuildFile; fileRef = 7B4F6486216D1F9E0087E7C4 /* UIView-Utility.swift */; };
		7B4F6489216D1FE40087E7C4 /* DragView.swift in Sources */ = {isa = PBXBuildFile; fileRef = 7B4F6488216D1FE40087E7C4 /* DragView.swift */; };
/* End PBXBuildFile section */

/* Begin PBXFileReference section */
		7B4F646F216D1F420087E7C4 /* Touches.app */ = {isa = PBXFileReference; explicitFileType = wrapper.application; includeInIndex = 0; path = Touches.app; sourceTree = BUILT_PRODUCTS_DIR; };
		7B4F6472216D1F420087E7C4 /* AppDelegate.swift */ = {isa = PBXFileReference; lastKnownFileType = sourcecode.swift; path = AppDelegate.swift; sourceTree = "<group>"; };
		7B4F6474216D1F420087E7C4 /* ViewController.swift */ = {isa = PBXFileReference; lastKnownFileType = sourcecode.swift; path = ViewController.swift; sourceTree = "<group>"; };
		7B4F6477216D1F420087E7C4 /* Base */ = {isa = PBXFileReference; lastKnownFileType = file.storyboard; name = Base; path = Base.lproj/Main.storyboard; sourceTree = "<group>"; };
		7B4F6479216D1F440087E7C4 /* Assets.xcassets */ = {isa = PBXFileReference; lastKnownFileType = folder.assetcatalog; path = Assets.xcassets; sourceTree = "<group>"; };
		7B4F647C216D1F440087E7C4 /* Base */ = {isa = PBXFileReference; lastKnownFileType = file.storyboard; name = Base; path = Base.lproj/LaunchScreen.storyboard; sourceTree = "<group>"; };
		7B4F647E216D1F440087E7C4 /* Info.plist */ = {isa = PBXFileReference; lastKnownFileType = text.plist.xml; path = Info.plist; sourceTree = "<group>"; };
		7B4F6484216D1F810087E7C4 /* UIColor-Utility.swift */ = {isa = PBXFileReference; lastKnownFileType = sourcecode.swift; path = "UIColor-Utility.swift"; sourceTree = "<group>"; };
		7B4F6486216D1F9E0087E7C4 /* UIView-Utility.swift */ = {isa = PBXFileReference; lastKnownFileType = sourcecode.swift; path = "UIView-Utility.swift"; sourceTree = "<group>"; };
		7B4F6488216D1FE40087E7C4 /* DragView.swift */ = {isa = PBXFileReference; lastKnownFileType = sourcecode.swift; path = DragView.swift; sourceTree = "<group>"; };
/* End PBXFileReference section */

/* Begin PBXFrameworksBuildPhase section */
		7B4F646C216D1F420087E7C4 /* Frameworks */ = {
			isa = PBXFrameworksBuildPhase;
			buildActionMask = 2147483647;
			files = (
			);
			runOnlyForDeploymentPostprocessing = 0;
		};
/* End PBXFrameworksBuildPhase section */

/* Begin PBXGroup section */
		7B4F6466216D1F420087E7C4 = {
			isa = PBXGroup;
			children = (
				7B4F6471216D1F420087E7C4 /* Touches */,
				7B4F6470216D1F420087E7C4 /* Products */,
			);
			sourceTree = "<group>";
		};
		7B4F6470216D1F420087E7C4 /* Products */ = {
			isa = PBXGroup;
			children = (
				7B4F646F216D1F420087E7C4 /* Touches.app */,
			);
			name = Products;
			sourceTree = "<group>";
		};
		7B4F6471216D1F420087E7C4 /* Touches */ = {
			isa = PBXGroup;
			children = (
				7B4F6472216D1F420087E7C4 /* AppDelegate.swift */,
				7B4F6474216D1F420087E7C4 /* ViewController.swift */,
				7B4F6488216D1FE40087E7C4 /* DragView.swift */,
				7B4F6484216D1F810087E7C4 /* UIColor-Utility.swift */,
				7B4F6486216D1F9E0087E7C4 /* UIView-Utility.swift */,
				7B4F6476216D1F420087E7C4 /* Main.storyboard */,
				7B4F6479216D1F440087E7C4 /* Assets.xcassets */,
				7B4F647B216D1F440087E7C4 /* LaunchScreen.storyboard */,
				7B4F647E216D1F440087E7C4 /* Info.plist */,
			);
			path = Touches;
			sourceTree = "<group>";
		};
/* End PBXGroup section */

/* Begin PBXNativeTarget section */
		7B4F646E216D1F420087E7C4 /* Touches */ = {
			isa = PBXNativeTarget;
			buildConfigurationList = 7B4F6481216D1F440087E7C4 /* Build configuration list for PBXNativeTarget "Touches" */;
			buildPhases = (
				7B4F646B216D1F420087E7C4 /* Sources */,
				7B4F646C216D1F420087E7C4 /* Frameworks */,
				7B4F646D216D1F420087E7C4 /* Resources */,
			);
			buildRules = (
			);
			dependencies = (
			);
			name = Touches;
			productName = Touches;
			productReference = 7B4F646F216D1F420087E7C4 /* Touches.app */;
			productType = "com.apple.product-type.application";
		};
/* End PBXNativeTarget section */

/* Begin PBXProject section */
		7B4F6467216D1F420087E7C4 /* Project object */ = {
			isa = PBXProject;
			attributes = {
				LastSwiftUpdateCheck = 1000;
				LastUpgradeCheck = 1000;
				ORGANIZATIONNAME = "Sean Hendrix";
				TargetAttributes = {
					7B4F646E216D1F420087E7C4 = {
						CreatedOnToolsVersion = 10.0;
					};
				};
			};
			buildConfigurationList = 7B4F646A216D1F420087E7C4 /* Build configuration list for PBXProject "Touches" */;
			compatibilityVersion = "Xcode 9.3";
			developmentRegion = en;
			hasScannedForEncodings = 0;
			knownRegions = (
				en,
				Base,
			);
			mainGroup = 7B4F6466216D1F420087E7C4;
			productRefGroup = 7B4F6470216D1F420087E7C4 /* Products */;
			projectDirPath = "";
			projectRoot = "";
			targets = (
				7B4F646E216D1F420087E7C4 /* Touches */,
			);
		};
/* End PBXProject section */

/* Begin PBXResourcesBuildPhase section */
		7B4F646D216D1F420087E7C4 /* Resources */ = {
			isa = PBXResourcesBuildPhase;
			buildActionMask = 2147483647;
			files = (
				7B4F647D216D1F440087E7C4 /* LaunchScreen.storyboard in Resources */,
				7B4F647A216D1F440087E7C4 /* Assets.xcassets in Resources */,
				7B4F6478216D1F420087E7C4 /* Main.storyboard in Resources */,
			);
			runOnlyForDeploymentPostprocessing = 0;
		};
/* End PBXResourcesBuildPhase section */

/* Begin PBXSourcesBuildPhase section */
		7B4F646B216D1F420087E7C4 /* Sources */ = {
			isa = PBXSourcesBuildPhase;
			buildActionMask = 2147483647;
			files = (
				7B4F6475216D1F420087E7C4 /* ViewController.swift in Sources */,
				7B4F6487216D1F9E0087E7C4 /* UIView-Utility.swift in Sources */,
				7B4F6473216D1F420087E7C4 /* AppDelegate.swift in Sources */,
				7B4F6485216D1F810087E7C4 /* UIColor-Utility.swift in Sources */,
				7B4F6489216D1FE40087E7C4 /* DragView.swift in Sources */,
			);
			runOnlyForDeploymentPostprocessing = 0;
		};
/* End PBXSourcesBuildPhase section */

/* Begin PBXVariantGroup section */
		7B4F6476216D1F420087E7C4 /* Main.storyboard */ = {
			isa = PBXVariantGroup;
			children = (
				7B4F6477216D1F420087E7C4 /* Base */,
			);
			name = Main.storyboard;
			sourceTree = "<group>";
		};
		7B4F647B216D1F440087E7C4 /* LaunchScreen.storyboard */ = {
			isa = PBXVariantGroup;
			children = (
				7B4F647C216D1F440087E7C4 /* Base */,
			);
			name = LaunchScreen.storyboard;
			sourceTree = "<group>";
		};
/* End PBXVariantGroup section */

/* Begin XCBuildConfiguration section */
		7B4F647F216D1F440087E7C4 /* Debug */ = {
			isa = XCBuildConfiguration;
			buildSettings = {
				ALWAYS_SEARCH_USER_PATHS = NO;
				CLANG_ANALYZER_NONNULL = YES;
				CLANG_ANALYZER_NUMBER_OBJECT_CONVERSION = YES_AGGRESSIVE;
				CLANG_CXX_LANGUAGE_STANDARD = "gnu++14";
				CLANG_CXX_LIBRARY = "libc++";
				CLANG_ENABLE_MODULES = YES;
				CLANG_ENABLE_OBJC_ARC = YES;
				CLANG_ENABLE_OBJC_WEAK = YES;
				CLANG_WARN_BLOCK_CAPTURE_AUTORELEASING = YES;
				CLANG_WARN_BOOL_CONVERSION = YES;
				CLANG_WARN_COMMA = YES;
				CLANG_WARN_CONSTANT_CONVERSION = YES;
				CLANG_WARN_DEPRECATED_OBJC_IMPLEMENTATIONS = YES;
				CLANG_WARN_DIRECT_OBJC_ISA_USAGE = YES_ERROR;
				CLANG_WARN_DOCUMENTATION_COMMENTS = YES;
				CLANG_WARN_EMPTY_BODY = YES;
				CLANG_WARN_ENUM_CONVERSION = YES;
				CLANG_WARN_INFINITE_RECURSION = YES;
				CLANG_WARN_INT_CONVERSION = YES;
				CLANG_WARN_NON_LITERAL_NULL_CONVERSION = YES;
				CLANG_WARN_OBJC_IMPLICIT_RETAIN_SELF = YES;
				CLANG_WARN_OBJC_LITERAL_CONVERSION = YES;
				CLANG_WARN_OBJC_ROOT_CLASS = YES_ERROR;
				CLANG_WARN_RANGE_LOOP_ANALYSIS = YES;
				CLANG_WARN_STRICT_PROTOTYPES = YES;
				CLANG_WARN_SUSPICIOUS_MOVE = YES;
				CLANG_WARN_UNGUARDED_AVAILABILITY = YES_AGGRESSIVE;
				CLANG_WARN_UNREACHABLE_CODE = YES;
				CLANG_WARN__DUPLICATE_METHOD_MATCH = YES;
				CODE_SIGN_IDENTITY = "iPhone Developer";
				COPY_PHASE_STRIP = NO;
				DEBUG_INFORMATION_FORMAT = dwarf;
				ENABLE_STRICT_OBJC_MSGSEND = YES;
				ENABLE_TESTABILITY = YES;
				GCC_C_LANGUAGE_STANDARD = gnu11;
				GCC_DYNAMIC_NO_PIC = NO;
				GCC_NO_COMMON_BLOCKS = YES;
				GCC_OPTIMIZATION_LEVEL = 0;
				GCC_PREPROCESSOR_DEFINITIONS = (
					"DEBUG=1",
					"$(inherited)",
				);
				GCC_WARN_64_TO_32_BIT_CONVERSION = YES;
				GCC_WARN_ABOUT_RETURN_TYPE = YES_ERROR;
				GCC_WARN_UNDECLARED_SELECTOR = YES;
				GCC_WARN_UNINITIALIZED_AUTOS = YES_AGGRESSIVE;
				GCC_WARN_UNUSED_FUNCTION = YES;
				GCC_WARN_UNUSED_VARIABLE = YES;
				IPHONEOS_DEPLOYMENT_TARGET = 12.0;
				MTL_ENABLE_DEBUG_INFO = INCLUDE_SOURCE;
				MTL_FAST_MATH = YES;
				ONLY_ACTIVE_ARCH = YES;
				SDKROOT = iphoneos;
				SWIFT_ACTIVE_COMPILATION_CONDITIONS = DEBUG;
				SWIFT_OPTIMIZATION_LEVEL = "-Onone";
			};
			name = Debug;
		};
		7B4F6480216D1F440087E7C4 /* Release */ = {
			isa = XCBuildConfiguration;
			buildSettings = {
				ALWAYS_SEARCH_USER_PATHS = NO;
				CLANG_ANALYZER_NONNULL = YES;
				CLANG_ANALYZER_NUMBER_OBJECT_CONVERSION = YES_AGGRESSIVE;
				CLANG_CXX_LANGUAGE_STANDARD = "gnu++14";
				CLANG_CXX_LIBRARY = "libc++";
				CLANG_ENABLE_MODULES = YES;
				CLANG_ENABLE_OBJC_ARC = YES;
				CLANG_ENABLE_OBJC_WEAK = YES;
				CLANG_WARN_BLOCK_CAPTURE_AUTORELEASING = YES;
				CLANG_WARN_BOOL_CONVERSION = YES;
				CLANG_WARN_COMMA = YES;
				CLANG_WARN_CONSTANT_CONVERSION = YES;
				CLANG_WARN_DEPRECATED_OBJC_IMPLEMENTATIONS = YES;
				CLANG_WARN_DIRECT_OBJC_ISA_USAGE = YES_ERROR;
				CLANG_WARN_DOCUMENTATION_COMMENTS = YES;
				CLANG_WARN_EMPTY_BODY = YES;
				CLANG_WARN_ENUM_CONVERSION = YES;
				CLANG_WARN_INFINITE_RECURSION = YES;
				CLANG_WARN_INT_CONVERSION = YES;
				CLANG_WARN_NON_LITERAL_NULL_CONVERSION = YES;
				CLANG_WARN_OBJC_IMPLICIT_RETAIN_SELF = YES;
				CLANG_WARN_OBJC_LITERAL_CONVERSION = YES;
				CLANG_WARN_OBJC_ROOT_CLASS = YES_ERROR;
				CLANG_WARN_RANGE_LOOP_ANALYSIS = YES;
				CLANG_WARN_STRICT_PROTOTYPES = YES;
				CLANG_WARN_SUSPICIOUS_MOVE = YES;
				CLANG_WARN_UNGUARDED_AVAILABILITY = YES_AGGRESSIVE;
				CLANG_WARN_UNREACHABLE_CODE = YES;
				CLANG_WARN__DUPLICATE_METHOD_MATCH = YES;
				CODE_SIGN_IDENTITY = "iPhone Developer";
				COPY_PHASE_STRIP = NO;
				DEBUG_INFORMATION_FORMAT = "dwarf-with-dsym";
				ENABLE_NS_ASSERTIONS = NO;
				ENABLE_STRICT_OBJC_MSGSEND = YES;
				GCC_C_LANGUAGE_STANDARD = gnu11;
				GCC_NO_COMMON_BLOCKS = YES;
				GCC_WARN_64_TO_32_BIT_CONVERSION = YES;
				GCC_WARN_ABOUT_RETURN_TYPE = YES_ERROR;
				GCC_WARN_UNDECLARED_SELECTOR = YES;
				GCC_WARN_UNINITIALIZED_AUTOS = YES_AGGRESSIVE;
				GCC_WARN_UNUSED_FUNCTION = YES;
				GCC_WARN_UNUSED_VARIABLE = YES;
				IPHONEOS_DEPLOYMENT_TARGET = 12.0;
				MTL_ENABLE_DEBUG_INFO = NO;
				MTL_FAST_MATH = YES;
				SDKROOT = iphoneos;
				SWIFT_COMPILATION_MODE = wholemodule;
				SWIFT_OPTIMIZATION_LEVEL = "-O";
				VALIDATE_PRODUCT = YES;
			};
			name = Release;
		};
		7B4F6482216D1F440087E7C4 /* Debug */ = {
			isa = XCBuildConfiguration;
			buildSettings = {
				ASSETCATALOG_COMPILER_APPICON_NAME = AppIcon;
				CODE_SIGN_STYLE = Automatic;
				INFOPLIST_FILE = Touches/Info.plist;
				LD_RUNPATH_SEARCH_PATHS = (
					"$(inherited)",
					"@executable_path/Frameworks",
				);
				PRODUCT_BUNDLE_IDENTIFIER = com.hendoware.Touches;
				PRODUCT_NAME = "$(TARGET_NAME)";
				SWIFT_VERSION = 4.2;
				TARGETED_DEVICE_FAMILY = "1,2";
			};
			name = Debug;
		};
		7B4F6483216D1F440087E7C4 /* Release */ = {
			isa = XCBuildConfiguration;
			buildSettings = {
				ASSETCATALOG_COMPILER_APPICON_NAME = AppIcon;
				CODE_SIGN_STYLE = Automatic;
				INFOPLIST_FILE = Touches/Info.plist;
				LD_RUNPATH_SEARCH_PATHS = (
					"$(inherited)",
					"@executable_path/Frameworks",
				);
				PRODUCT_BUNDLE_IDENTIFIER = com.hendoware.Touches;
				PRODUCT_NAME = "$(TARGET_NAME)";
				SWIFT_VERSION = 4.2;
				TARGETED_DEVICE_FAMILY = "1,2";
			};
			name = Release;
		};
/* End XCBuildConfiguration section */

/* Begin XCConfigurationList section */
		7B4F646A216D1F420087E7C4 /* Build configuration list for PBXProject "Touches" */ = {
			isa = XCConfigurationList;
			buildConfigurations = (
				7B4F647F216D1F440087E7C4 /* Debug */,
				7B4F6480216D1F440087E7C4 /* Release */,
			);
			defaultConfigurationIsVisible = 0;
			defaultConfigurationName = Release;
		};
		7B4F6481216D1F440087E7C4 /* Build configuration list for PBXNativeTarget "Touches" */ = {
			isa = XCConfigurationList;
			buildConfigurations = (
				7B4F6482216D1F440087E7C4 /* Debug */,
				7B4F6483216D1F440087E7C4 /* Release */,
			);
			defaultConfigurationIsVisible = 0;
			defaultConfigurationName = Release;
		};
/* End XCConfigurationList section */
	};
	rootObject = 7B4F6467216D1F420087E7C4 /* Project object */;
}
